// !$*UTF8*$!
{
	archiveVersion = 1;
	classes = {
	};
	objectVersion = 50;
	objects = {

/* Begin PBXBuildFile section */
		7E6B9A0C258E590C00093BD6 /* BannerTableViewCell.swift in Sources */ = {isa = PBXBuildFile; fileRef = 7E6B9A0B258E590C00093BD6 /* BannerTableViewCell.swift */; };
		7E6B9A0F258E596F00093BD6 /* BannerCollectionViewCell.swift in Sources */ = {isa = PBXBuildFile; fileRef = 7E6B9A0E258E596F00093BD6 /* BannerCollectionViewCell.swift */; };
		7E706460258DEC7800ACA189 /* AppDelegate.swift in Sources */ = {isa = PBXBuildFile; fileRef = 7E70645F258DEC7800ACA189 /* AppDelegate.swift */; };
		7E706462258DEC7800ACA189 /* SceneDelegate.swift in Sources */ = {isa = PBXBuildFile; fileRef = 7E706461258DEC7800ACA189 /* SceneDelegate.swift */; };
		7E706467258DEC7800ACA189 /* Main.storyboard in Resources */ = {isa = PBXBuildFile; fileRef = 7E706465258DEC7800ACA189 /* Main.storyboard */; };
		7E706469258DEC7900ACA189 /* Assets.xcassets in Resources */ = {isa = PBXBuildFile; fileRef = 7E706468258DEC7900ACA189 /* Assets.xcassets */; };
		7E70646C258DEC7900ACA189 /* LaunchScreen.storyboard in Resources */ = {isa = PBXBuildFile; fileRef = 7E70646A258DEC7900ACA189 /* LaunchScreen.storyboard */; };
		7E734C13258E0130005034F5 /* MainTableViewController.swift in Sources */ = {isa = PBXBuildFile; fileRef = 7E734C12258E0130005034F5 /* MainTableViewController.swift */; };
		7E734C16258E01CF005034F5 /* NetworkService.swift in Sources */ = {isa = PBXBuildFile; fileRef = 7E734C15258E01CF005034F5 /* NetworkService.swift */; };
		7E734C1C258E0345005034F5 /* BannerModel.swift in Sources */ = {isa = PBXBuildFile; fileRef = 7E734C1B258E0345005034F5 /* BannerModel.swift */; };
		7E734C1F258E0399005034F5 /* OfferModel.swift in Sources */ = {isa = PBXBuildFile; fileRef = 7E734C1E258E0399005034F5 /* OfferModel.swift */; };
		7E734C22258E0458005034F5 /* ErrorModel.swift in Sources */ = {isa = PBXBuildFile; fileRef = 7E734C21258E0458005034F5 /* ErrorModel.swift */; };
		7E734C2A258E137E005034F5 /* OfferTableViewCell.swift in Sources */ = {isa = PBXBuildFile; fileRef = 7E734C28258E137E005034F5 /* OfferTableViewCell.swift */; };
		7E734C2B258E137E005034F5 /* OfferTableViewCell.xib in Resources */ = {isa = PBXBuildFile; fileRef = 7E734C29258E137E005034F5 /* OfferTableViewCell.xib */; };
		7E734C32258E211D005034F5 /* UIImage+loadImage.swift in Sources */ = {isa = PBXBuildFile; fileRef = 7E734C31258E211D005034F5 /* UIImage+loadImage.swift */; };
		7E734C36258E4962005034F5 /* UIColor+extension.swift in Sources */ = {isa = PBXBuildFile; fileRef = 7E734C35258E4962005034F5 /* UIColor+extension.swift */; };
/* End PBXBuildFile section */

/* Begin PBXFileReference section */
		7E6B9A0B258E590C00093BD6 /* BannerTableViewCell.swift */ = {isa = PBXFileReference; lastKnownFileType = sourcecode.swift; path = BannerTableViewCell.swift; sourceTree = "<group>"; };
		7E6B9A0E258E596F00093BD6 /* BannerCollectionViewCell.swift */ = {isa = PBXFileReference; lastKnownFileType = sourcecode.swift; path = BannerCollectionViewCell.swift; sourceTree = "<group>"; };
		7E70645C258DEC7800ACA189 /* Napoleon IT Test.app */ = {isa = PBXFileReference; explicitFileType = wrapper.application; includeInIndex = 0; path = "Napoleon IT Test.app"; sourceTree = BUILT_PRODUCTS_DIR; };
		7E70645F258DEC7800ACA189 /* AppDelegate.swift */ = {isa = PBXFileReference; lastKnownFileType = sourcecode.swift; path = AppDelegate.swift; sourceTree = "<group>"; };
		7E706461258DEC7800ACA189 /* SceneDelegate.swift */ = {isa = PBXFileReference; lastKnownFileType = sourcecode.swift; path = SceneDelegate.swift; sourceTree = "<group>"; };
		7E706466258DEC7800ACA189 /* Base */ = {isa = PBXFileReference; lastKnownFileType = file.storyboard; name = Base; path = Base.lproj/Main.storyboard; sourceTree = "<group>"; };
		7E706468258DEC7900ACA189 /* Assets.xcassets */ = {isa = PBXFileReference; lastKnownFileType = folder.assetcatalog; path = Assets.xcassets; sourceTree = "<group>"; };
		7E70646B258DEC7900ACA189 /* Base */ = {isa = PBXFileReference; lastKnownFileType = file.storyboard; name = Base; path = Base.lproj/LaunchScreen.storyboard; sourceTree = "<group>"; };
		7E70646D258DEC7900ACA189 /* Info.plist */ = {isa = PBXFileReference; lastKnownFileType = text.plist.xml; path = Info.plist; sourceTree = "<group>"; };
		7E734C12258E0130005034F5 /* MainTableViewController.swift */ = {isa = PBXFileReference; lastKnownFileType = sourcecode.swift; path = MainTableViewController.swift; sourceTree = "<group>"; };
		7E734C15258E01CF005034F5 /* NetworkService.swift */ = {isa = PBXFileReference; lastKnownFileType = sourcecode.swift; path = NetworkService.swift; sourceTree = "<group>"; };
		7E734C1B258E0345005034F5 /* BannerModel.swift */ = {isa = PBXFileReference; lastKnownFileType = sourcecode.swift; path = BannerModel.swift; sourceTree = "<group>"; };
		7E734C1E258E0399005034F5 /* OfferModel.swift */ = {isa = PBXFileReference; lastKnownFileType = sourcecode.swift; path = OfferModel.swift; sourceTree = "<group>"; };
		7E734C21258E0458005034F5 /* ErrorModel.swift */ = {isa = PBXFileReference; lastKnownFileType = sourcecode.swift; path = ErrorModel.swift; sourceTree = "<group>"; };
		7E734C28258E137E005034F5 /* OfferTableViewCell.swift */ = {isa = PBXFileReference; lastKnownFileType = sourcecode.swift; path = OfferTableViewCell.swift; sourceTree = "<group>"; };
		7E734C29258E137E005034F5 /* OfferTableViewCell.xib */ = {isa = PBXFileReference; lastKnownFileType = file.xib; path = OfferTableViewCell.xib; sourceTree = "<group>"; };
		7E734C31258E211D005034F5 /* UIImage+loadImage.swift */ = {isa = PBXFileReference; lastKnownFileType = sourcecode.swift; path = "UIImage+loadImage.swift"; sourceTree = "<group>"; };
		7E734C35258E4962005034F5 /* UIColor+extension.swift */ = {isa = PBXFileReference; lastKnownFileType = sourcecode.swift; path = "UIColor+extension.swift"; sourceTree = "<group>"; };
/* End PBXFileReference section */

/* Begin PBXFrameworksBuildPhase section */
		7E706459258DEC7800ACA189 /* Frameworks */ = {
			isa = PBXFrameworksBuildPhase;
			buildActionMask = 2147483647;
			files = (
			);
			runOnlyForDeploymentPostprocessing = 0;
		};
/* End PBXFrameworksBuildPhase section */

/* Begin PBXGroup section */
		7E407C25258E553600ABA5EB /* App */ = {
			isa = PBXGroup;
			children = (
				7E407C27258E557600ABA5EB /* UIKit Extensions */,
				7E70645F258DEC7800ACA189 /* AppDelegate.swift */,
				7E706461258DEC7800ACA189 /* SceneDelegate.swift */,
			);
			path = App;
			sourceTree = "<group>";
		};
		7E407C26258E555900ABA5EB /* Resources */ = {
			isa = PBXGroup;
			children = (
				7E706465258DEC7800ACA189 /* Main.storyboard */,
				7E706468258DEC7900ACA189 /* Assets.xcassets */,
				7E70646A258DEC7900ACA189 /* LaunchScreen.storyboard */,
			);
			path = Resources;
			sourceTree = "<group>";
		};
		7E407C27258E557600ABA5EB /* UIKit Extensions */ = {
			isa = PBXGroup;
			children = (
				7E734C31258E211D005034F5 /* UIImage+loadImage.swift */,
				7E734C35258E4962005034F5 /* UIColor+extension.swift */,
			);
			path = "UIKit Extensions";
			sourceTree = "<group>";
		};
		7E407C28258E558D00ABA5EB /* Controller */ = {
			isa = PBXGroup;
			children = (
				7E734C12258E0130005034F5 /* MainTableViewController.swift */,
			);
			path = Controller;
			sourceTree = "<group>";
		};
		7E706453258DEC7800ACA189 = {
			isa = PBXGroup;
			children = (
				7E70645E258DEC7800ACA189 /* Napoleon IT Test */,
				7E70645D258DEC7800ACA189 /* Products */,
			);
			sourceTree = "<group>";
		};
		7E70645D258DEC7800ACA189 /* Products */ = {
			isa = PBXGroup;
			children = (
				7E70645C258DEC7800ACA189 /* Napoleon IT Test.app */,
			);
			name = Products;
			sourceTree = "<group>";
		};
		7E70645E258DEC7800ACA189 /* Napoleon IT Test */ = {
			isa = PBXGroup;
			children = (
				7E407C25258E553600ABA5EB /* App */,
				7E407C28258E558D00ABA5EB /* Controller */,
				7E734C27258E1365005034F5 /* View */,
				7E734C19258E02D6005034F5 /* Model */,
				7E734C18258E02D2005034F5 /* Service */,
				7E407C26258E555900ABA5EB /* Resources */,
				7E70646D258DEC7900ACA189 /* Info.plist */,
			);
			path = "Napoleon IT Test";
			sourceTree = "<group>";
		};
		7E734C18258E02D2005034F5 /* Service */ = {
			isa = PBXGroup;
			children = (
				7E734C15258E01CF005034F5 /* NetworkService.swift */,
			);
			path = Service;
			sourceTree = "<group>";
		};
		7E734C19258E02D6005034F5 /* Model */ = {
			isa = PBXGroup;
			children = (
				7E734C1B258E0345005034F5 /* BannerModel.swift */,
				7E734C1E258E0399005034F5 /* OfferModel.swift */,
				7E734C21258E0458005034F5 /* ErrorModel.swift */,
			);
			path = Model;
			sourceTree = "<group>";
		};
		7E734C27258E1365005034F5 /* View */ = {
			isa = PBXGroup;
			children = (
				7E734C39258E5100005034F5 /* BannerCell */,
				7E734C38258E50F7005034F5 /* OfferCell */,
			);
			path = View;
			sourceTree = "<group>";
		};
		7E734C38258E50F7005034F5 /* OfferCell */ = {
			isa = PBXGroup;
			children = (
				7E734C28258E137E005034F5 /* OfferTableViewCell.swift */,
				7E734C29258E137E005034F5 /* OfferTableViewCell.xib */,
			);
			path = OfferCell;
			sourceTree = "<group>";
		};
		7E734C39258E5100005034F5 /* BannerCell */ = {
			isa = PBXGroup;
			children = (
				7E6B9A0B258E590C00093BD6 /* BannerTableViewCell.swift */,
				7E6B9A0E258E596F00093BD6 /* BannerCollectionViewCell.swift */,
			);
			path = BannerCell;
			sourceTree = "<group>";
		};
/* End PBXGroup section */

/* Begin PBXNativeTarget section */
		7E70645B258DEC7800ACA189 /* Napoleon IT Test */ = {
			isa = PBXNativeTarget;
			buildConfigurationList = 7E706470258DEC7900ACA189 /* Build configuration list for PBXNativeTarget "Napoleon IT Test" */;
			buildPhases = (
				7E706458258DEC7800ACA189 /* Sources */,
				7E706459258DEC7800ACA189 /* Frameworks */,
				7E70645A258DEC7800ACA189 /* Resources */,
			);
			buildRules = (
			);
			dependencies = (
			);
			name = "Napoleon IT Test";
			productName = "Napoleon IT Test";
			productReference = 7E70645C258DEC7800ACA189 /* Napoleon IT Test.app */;
			productType = "com.apple.product-type.application";
		};
/* End PBXNativeTarget section */

/* Begin PBXProject section */
		7E706454258DEC7800ACA189 /* Project object */ = {
			isa = PBXProject;
			attributes = {
				LastSwiftUpdateCheck = 1230;
				LastUpgradeCheck = 1230;
				TargetAttributes = {
					7E70645B258DEC7800ACA189 = {
						CreatedOnToolsVersion = 12.3;
					};
				};
			};
			buildConfigurationList = 7E706457258DEC7800ACA189 /* Build configuration list for PBXProject "Napoleon IT Test" */;
			compatibilityVersion = "Xcode 9.3";
			developmentRegion = en;
			hasScannedForEncodings = 0;
			knownRegions = (
				en,
				Base,
			);
			mainGroup = 7E706453258DEC7800ACA189;
			productRefGroup = 7E70645D258DEC7800ACA189 /* Products */;
			projectDirPath = "";
			projectRoot = "";
			targets = (
				7E70645B258DEC7800ACA189 /* Napoleon IT Test */,
			);
		};
/* End PBXProject section */

/* Begin PBXResourcesBuildPhase section */
		7E70645A258DEC7800ACA189 /* Resources */ = {
			isa = PBXResourcesBuildPhase;
			buildActionMask = 2147483647;
			files = (
				7E734C2B258E137E005034F5 /* OfferTableViewCell.xib in Resources */,
				7E70646C258DEC7900ACA189 /* LaunchScreen.storyboard in Resources */,
				7E706469258DEC7900ACA189 /* Assets.xcassets in Resources */,
				7E706467258DEC7800ACA189 /* Main.storyboard in Resources */,
			);
			runOnlyForDeploymentPostprocessing = 0;
		};
/* End PBXResourcesBuildPhase section */

/* Begin PBXSourcesBuildPhase section */
		7E706458258DEC7800ACA189 /* Sources */ = {
			isa = PBXSourcesBuildPhase;
			buildActionMask = 2147483647;
			files = (
				7E6B9A0C258E590C00093BD6 /* BannerTableViewCell.swift in Sources */,
				7E734C32258E211D005034F5 /* UIImage+loadImage.swift in Sources */,
				7E734C2A258E137E005034F5 /* OfferTableViewCell.swift in Sources */,
				7E734C22258E0458005034F5 /* ErrorModel.swift in Sources */,
				7E706460258DEC7800ACA189 /* AppDelegate.swift in Sources */,
				7E734C13258E0130005034F5 /* MainTableViewController.swift in Sources */,
				7E6B9A0F258E596F00093BD6 /* BannerCollectionViewCell.swift in Sources */,
				7E734C1F258E0399005034F5 /* OfferModel.swift in Sources */,
				7E734C16258E01CF005034F5 /* NetworkService.swift in Sources */,
				7E734C36258E4962005034F5 /* UIColor+extension.swift in Sources */,
				7E706462258DEC7800ACA189 /* SceneDelegate.swift in Sources */,
				7E734C1C258E0345005034F5 /* BannerModel.swift in Sources */,
			);
			runOnlyForDeploymentPostprocessing = 0;
		};
/* End PBXSourcesBuildPhase section */

/* Begin PBXVariantGroup section */
		7E706465258DEC7800ACA189 /* Main.storyboard */ = {
			isa = PBXVariantGroup;
			children = (
				7E706466258DEC7800ACA189 /* Base */,
			);
			name = Main.storyboard;
			sourceTree = "<group>";
		};
		7E70646A258DEC7900ACA189 /* LaunchScreen.storyboard */ = {
			isa = PBXVariantGroup;
			children = (
				7E70646B258DEC7900ACA189 /* Base */,
			);
			name = LaunchScreen.storyboard;
			sourceTree = "<group>";
		};
/* End PBXVariantGroup section */

/* Begin XCBuildConfiguration section */
		7E70646E258DEC7900ACA189 /* Debug */ = {
			isa = XCBuildConfiguration;
			buildSettings = {
				ALWAYS_SEARCH_USER_PATHS = NO;
				CLANG_ANALYZER_NONNULL = YES;
				CLANG_ANALYZER_NUMBER_OBJECT_CONVERSION = YES_AGGRESSIVE;
				CLANG_CXX_LANGUAGE_STANDARD = "gnu++14";
				CLANG_CXX_LIBRARY = "libc++";
				CLANG_ENABLE_MODULES = YES;
				CLANG_ENABLE_OBJC_ARC = YES;
				CLANG_ENABLE_OBJC_WEAK = YES;
				CLANG_WARN_BLOCK_CAPTURE_AUTORELEASING = YES;
				CLANG_WARN_BOOL_CONVERSION = YES;
				CLANG_WARN_COMMA = YES;
				CLANG_WARN_CONSTANT_CONVERSION = YES;
				CLANG_WARN_DEPRECATED_OBJC_IMPLEMENTATIONS = YES;
				CLANG_WARN_DIRECT_OBJC_ISA_USAGE = YES_ERROR;
				CLANG_WARN_DOCUMENTATION_COMMENTS = YES;
				CLANG_WARN_EMPTY_BODY = YES;
				CLANG_WARN_ENUM_CONVERSION = YES;
				CLANG_WARN_INFINITE_RECURSION = YES;
				CLANG_WARN_INT_CONVERSION = YES;
				CLANG_WARN_NON_LITERAL_NULL_CONVERSION = YES;
				CLANG_WARN_OBJC_IMPLICIT_RETAIN_SELF = YES;
				CLANG_WARN_OBJC_LITERAL_CONVERSION = YES;
				CLANG_WARN_OBJC_ROOT_CLASS = YES_ERROR;
				CLANG_WARN_QUOTED_INCLUDE_IN_FRAMEWORK_HEADER = YES;
				CLANG_WARN_RANGE_LOOP_ANALYSIS = YES;
				CLANG_WARN_STRICT_PROTOTYPES = YES;
				CLANG_WARN_SUSPICIOUS_MOVE = YES;
				CLANG_WARN_UNGUARDED_AVAILABILITY = YES_AGGRESSIVE;
				CLANG_WARN_UNREACHABLE_CODE = YES;
				CLANG_WARN__DUPLICATE_METHOD_MATCH = YES;
				COPY_PHASE_STRIP = NO;
				DEBUG_INFORMATION_FORMAT = dwarf;
				ENABLE_STRICT_OBJC_MSGSEND = YES;
				ENABLE_TESTABILITY = YES;
				GCC_C_LANGUAGE_STANDARD = gnu11;
				GCC_DYNAMIC_NO_PIC = NO;
				GCC_NO_COMMON_BLOCKS = YES;
				GCC_OPTIMIZATION_LEVEL = 0;
				GCC_PREPROCESSOR_DEFINITIONS = (
					"DEBUG=1",
					"$(inherited)",
				);
				GCC_WARN_64_TO_32_BIT_CONVERSION = YES;
				GCC_WARN_ABOUT_RETURN_TYPE = YES_ERROR;
				GCC_WARN_UNDECLARED_SELECTOR = YES;
				GCC_WARN_UNINITIALIZED_AUTOS = YES_AGGRESSIVE;
				GCC_WARN_UNUSED_FUNCTION = YES;
				GCC_WARN_UNUSED_VARIABLE = YES;
				IPHONEOS_DEPLOYMENT_TARGET = 14.3;
				MTL_ENABLE_DEBUG_INFO = INCLUDE_SOURCE;
				MTL_FAST_MATH = YES;
				ONLY_ACTIVE_ARCH = YES;
				SDKROOT = iphoneos;
				SWIFT_ACTIVE_COMPILATION_CONDITIONS = DEBUG;
				SWIFT_OPTIMIZATION_LEVEL = "-Onone";
			};
			name = Debug;
		};
		7E70646F258DEC7900ACA189 /* Release */ = {
			isa = XCBuildConfiguration;
			buildSettings = {
				ALWAYS_SEARCH_USER_PATHS = NO;
				CLANG_ANALYZER_NONNULL = YES;
				CLANG_ANALYZER_NUMBER_OBJECT_CONVERSION = YES_AGGRESSIVE;
				CLANG_CXX_LANGUAGE_STANDARD = "gnu++14";
				CLANG_CXX_LIBRARY = "libc++";
				CLANG_ENABLE_MODULES = YES;
				CLANG_ENABLE_OBJC_ARC = YES;
				CLANG_ENABLE_OBJC_WEAK = YES;
				CLANG_WARN_BLOCK_CAPTURE_AUTORELEASING = YES;
				CLANG_WARN_BOOL_CONVERSION = YES;
				CLANG_WARN_COMMA = YES;
				CLANG_WARN_CONSTANT_CONVERSION = YES;
				CLANG_WARN_DEPRECATED_OBJC_IMPLEMENTATIONS = YES;
				CLANG_WARN_DIRECT_OBJC_ISA_USAGE = YES_ERROR;
				CLANG_WARN_DOCUMENTATION_COMMENTS = YES;
				CLANG_WARN_EMPTY_BODY = YES;
				CLANG_WARN_ENUM_CONVERSION = YES;
				CLANG_WARN_INFINITE_RECURSION = YES;
				CLANG_WARN_INT_CONVERSION = YES;
				CLANG_WARN_NON_LITERAL_NULL_CONVERSION = YES;
				CLANG_WARN_OBJC_IMPLICIT_RETAIN_SELF = YES;
				CLANG_WARN_OBJC_LITERAL_CONVERSION = YES;
				CLANG_WARN_OBJC_ROOT_CLASS = YES_ERROR;
				CLANG_WARN_QUOTED_INCLUDE_IN_FRAMEWORK_HEADER = YES;
				CLANG_WARN_RANGE_LOOP_ANALYSIS = YES;
				CLANG_WARN_STRICT_PROTOTYPES = YES;
				CLANG_WARN_SUSPICIOUS_MOVE = YES;
				CLANG_WARN_UNGUARDED_AVAILABILITY = YES_AGGRESSIVE;
				CLANG_WARN_UNREACHABLE_CODE = YES;
				CLANG_WARN__DUPLICATE_METHOD_MATCH = YES;
				COPY_PHASE_STRIP = NO;
				DEBUG_INFORMATION_FORMAT = "dwarf-with-dsym";
				ENABLE_NS_ASSERTIONS = NO;
				ENABLE_STRICT_OBJC_MSGSEND = YES;
				GCC_C_LANGUAGE_STANDARD = gnu11;
				GCC_NO_COMMON_BLOCKS = YES;
				GCC_WARN_64_TO_32_BIT_CONVERSION = YES;
				GCC_WARN_ABOUT_RETURN_TYPE = YES_ERROR;
				GCC_WARN_UNDECLARED_SELECTOR = YES;
				GCC_WARN_UNINITIALIZED_AUTOS = YES_AGGRESSIVE;
				GCC_WARN_UNUSED_FUNCTION = YES;
				GCC_WARN_UNUSED_VARIABLE = YES;
				IPHONEOS_DEPLOYMENT_TARGET = 14.3;
				MTL_ENABLE_DEBUG_INFO = NO;
				MTL_FAST_MATH = YES;
				SDKROOT = iphoneos;
				SWIFT_COMPILATION_MODE = wholemodule;
				SWIFT_OPTIMIZATION_LEVEL = "-O";
				VALIDATE_PRODUCT = YES;
			};
			name = Release;
		};
		7E706471258DEC7900ACA189 /* Debug */ = {
			isa = XCBuildConfiguration;
			buildSettings = {
				ASSETCATALOG_COMPILER_APPICON_NAME = AppIcon;
				ASSETCATALOG_COMPILER_GLOBAL_ACCENT_COLOR_NAME = AccentColor;
				CODE_SIGN_STYLE = Automatic;
				DEVELOPMENT_TEAM = 82CJ7XMF7V;
				INFOPLIST_FILE = "Napoleon IT Test/Info.plist";
				IPHONEOS_DEPLOYMENT_TARGET = 14.2;
				LD_RUNPATH_SEARCH_PATHS = (
					"$(inherited)",
					"@executable_path/Frameworks",
				);
				PRODUCT_BUNDLE_IDENTIFIER = "Kaviro.Napoleon-IT-Test";
				PRODUCT_NAME = "$(TARGET_NAME)";
				SWIFT_VERSION = 5.0;
				TARGETED_DEVICE_FAMILY = "1,2";
			};
			name = Debug;
		};
		7E706472258DEC7900ACA189 /* Release */ = {
			isa = XCBuildConfiguration;
			buildSettings = {
				ASSETCATALOG_COMPILER_APPICON_NAME = AppIcon;
				ASSETCATALOG_COMPILER_GLOBAL_ACCENT_COLOR_NAME = AccentColor;
				CODE_SIGN_STYLE = Automatic;
				DEVELOPMENT_TEAM = 82CJ7XMF7V;
				INFOPLIST_FILE = "Napoleon IT Test/Info.plist";
				IPHONEOS_DEPLOYMENT_TARGET = 14.2;
				LD_RUNPATH_SEARCH_PATHS = (
					"$(inherited)",
					"@executable_path/Frameworks",
				);
				PRODUCT_BUNDLE_IDENTIFIER = "Kaviro.Napoleon-IT-Test";
				PRODUCT_NAME = "$(TARGET_NAME)";
				SWIFT_VERSION = 5.0;
				TARGETED_DEVICE_FAMILY = "1,2";
			};
			name = Release;
		};
/* End XCBuildConfiguration section */

/* Begin XCConfigurationList section */
		7E706457258DEC7800ACA189 /* Build configuration list for PBXProject "Napoleon IT Test" */ = {
			isa = XCConfigurationList;
			buildConfigurations = (
				7E70646E258DEC7900ACA189 /* Debug */,
				7E70646F258DEC7900ACA189 /* Release */,
			);
			defaultConfigurationIsVisible = 0;
			defaultConfigurationName = Release;
		};
		7E706470258DEC7900ACA189 /* Build configuration list for PBXNativeTarget "Napoleon IT Test" */ = {
			isa = XCConfigurationList;
			buildConfigurations = (
				7E706471258DEC7900ACA189 /* Debug */,
				7E706472258DEC7900ACA189 /* Release */,
			);
			defaultConfigurationIsVisible = 0;
			defaultConfigurationName = Release;
		};
/* End XCConfigurationList section */
	};
	rootObject = 7E706454258DEC7800ACA189 /* Project object */;
}
